
Microsoft Visual Studio Solution File, Format Version 12.00
# Visual Studio Version 17
VisualStudioVersion = 17.0.31903.59
MinimumVisualStudioVersion = 10.0.40219.1
Project("{FAE04EC0-301F-11D3-BF4B-00C04F79EFBC}") = "Externo.API", "Externo.API\Externo.API.csproj", "{7E5EE830-3047-4EB1-83D7-C8EE6B5DACA7}"
EndProject
Project("{FAE04EC0-301F-11D3-BF4B-00C04F79EFBC}") = "Externo.Tests", "Externo.Tests\Externo.Tests.csproj", "{730A9893-FA3D-423A-BEAB-B659CCCF43F2}"
EndProject
Global
	GlobalSection(SolutionConfigurationPlatforms) = preSolution
		Debug|Any CPU = Debug|Any CPU
		Release|Any CPU = Release|Any CPU
	EndGlobalSection
	GlobalSection(SolutionProperties) = preSolution
		HideSolutionNode = FALSE
	EndGlobalSection
	GlobalSection(ProjectConfigurationPlatforms) = postSolution
		{7E5EE830-3047-4EB1-83D7-C8EE6B5DACA7}.Debug|Any CPU.ActiveCfg = Debug|Any CPU
		{7E5EE830-3047-4EB1-83D7-C8EE6B5DACA7}.Debug|Any CPU.Build.0 = Debug|Any CPU
		{7E5EE830-3047-4EB1-83D7-C8EE6B5DACA7}.Release|Any CPU.ActiveCfg = Release|Any CPU
		{7E5EE830-3047-4EB1-83D7-C8EE6B5DACA7}.Release|Any CPU.Build.0 = Release|Any CPU
		{730A9893-FA3D-423A-BEAB-B659CCCF43F2}.Debug|Any CPU.ActiveCfg = Debug|Any CPU
		{730A9893-FA3D-423A-BEAB-B659CCCF43F2}.Debug|Any CPU.Build.0 = Debug|Any CPU
		{730A9893-FA3D-423A-BEAB-B659CCCF43F2}.Release|Any CPU.ActiveCfg = Release|Any CPU
		{730A9893-FA3D-423A-BEAB-B659CCCF43F2}.Release|Any CPU.Build.0 = Release|Any CPU
	EndGlobalSection
EndGlobal
